
Microsoft Visual Studio Solution File, Format Version 12.00
# Visual Studio Version 17
VisualStudioVersion = 17.11.35208.52
MinimumVisualStudioVersion = 10.0.40219.1
Project("{FAE04EC0-301F-11D3-BF4B-00C04F79EFBC}") = "Assignment1_Dotnet Hospital Management System", "Assignment1_Dotnet Hospital Management System\Assignment1_Dotnet Hospital Management System.csproj", "{7B9E95E5-1FD2-43F6-AAC7-B8AF9C266535}"
EndProject
Global
	GlobalSection(SolutionConfigurationPlatforms) = preSolution
		Debug|Any CPU = Debug|Any CPU
		Release|Any CPU = Release|Any CPU
	EndGlobalSection
	GlobalSection(ProjectConfigurationPlatforms) = postSolution
		{7B9E95E5-1FD2-43F6-AAC7-B8AF9C266535}.Debug|Any CPU.ActiveCfg = Debug|Any CPU
		{7B9E95E5-1FD2-43F6-AAC7-B8AF9C266535}.Debug|Any CPU.Build.0 = Debug|Any CPU
		{7B9E95E5-1FD2-43F6-AAC7-B8AF9C266535}.Release|Any CPU.ActiveCfg = Release|Any CPU
		{7B9E95E5-1FD2-43F6-AAC7-B8AF9C266535}.Release|Any CPU.Build.0 = Release|Any CPU
	EndGlobalSection
	GlobalSection(SolutionProperties) = preSolution
		HideSolutionNode = FALSE
	EndGlobalSection
	GlobalSection(ExtensibilityGlobals) = postSolution
		SolutionGuid = {8D0B03F8-7505-42E7-92DA-5BC10C72F543}
	EndGlobalSection
EndGlobal
